Microsoft Visual Studio Solution File, Format Version 12.00
# Visual Studio Version 17
VisualStudioVersion = 17.0.31903.59
MinimumVisualStudioVersion = 10.0.40219.1
Project("{FAE04EC0-301F-11D3-BF4B-00C04F79EFBC}") = "FaqRag.WebApi", "FaqRag.WebApi\FaqRag.WebApi.csproj", "{63D843BA-5B67-49B2-8FCB-3D4C72C42314}"
EndProject
Global
	GlobalSection(SolutionConfigurationPlatforms) = preSolution
		Debug|Any CPU = Debug|Any CPU
		Release|Any CPU = Release|Any CPU
	EndGlobalSection
	GlobalSection(ProjectConfigurationPlatforms) = postSolution
		{63D843BA-5B67-49B2-8FCB-3D4C72C42314}.Debug|Any CPU.ActiveCfg = Debug|Any CPU
		{63D843BA-5B67-49B2-8FCB-3D4C72C42314}.Debug|Any CPU.Build.0 = Debug|Any CPU
		{63D843BA-5B67-49B2-8FCB-3D4C72C42314}.Release|Any CPU.ActiveCfg = Release|Any CPU
		{63D843BA-5B67-49B2-8FCB-3D4C72C42314}.Release|Any CPU.Build.0 = Release|Any CPU
	EndGlobalSection
EndGlobal
